
Microsoft Visual Studio Solution File, Format Version 12.00
# Visual Studio Version 16
VisualStudioVersion = 16.0.30907.101
MinimumVisualStudioVersion = 10.0.40219.1
Project("{9A19103F-16F7-4668-BE54-9A1E7A4F7556}") = "Budgets", "Budgets.csproj", "{8F7478C7-0C91-49D8-A7F6-7FA6CF0F6CF9}"
EndProject
Project("{2150E333-8FDC-42A3-9474-1A3956D46DE8}") = "Tests", "Tests", "{060B286A-E98C-45BE-95B3-CD5F169AAFED}"
EndProject
Project("{9A19103F-16F7-4668-BE54-9A1E7A4F7556}") = "Budgets.Test", "..\Budgets.Test\Budgets.Test.csproj", "{F591321D-E26B-4644-AFDC-68276BA3B820}"
EndProject
Project("{9A19103F-16F7-4668-BE54-9A1E7A4F7556}") = "BudgetsWPF", "..\BudgetsWPF\BudgetsWPF.csproj", "{25EE3C7F-8DCE-4E23-8CA1-A3F40C1D6C42}"
	ProjectSection(ProjectDependencies) = postProject
		{8F7478C7-0C91-49D8-A7F6-7FA6CF0F6CF9} = {8F7478C7-0C91-49D8-A7F6-7FA6CF0F6CF9}
	EndProjectSection
EndProject
Project("{FAE04EC0-301F-11D3-BF4B-00C04F79EFBC}") = "BugetsStorage", "..\BugetsStorage\BugetsStorage.csproj", "{E1D35384-3ABC-4161-8042-405A4ADAE922}"
EndProject
Project("{FAE04EC0-301F-11D3-BF4B-00C04F79EFBC}") = "BudgetsStorage.Test", "..\BudgetsStorage.Test\BudgetsStorage.Test.csproj", "{E1072AFA-5A10-4E48-9F33-BE1148D9E2E8}"
EndProject
Global
	GlobalSection(SolutionConfigurationPlatforms) = preSolution
		Debug|Any CPU = Debug|Any CPU
		Release|Any CPU = Release|Any CPU
	EndGlobalSection
	GlobalSection(ProjectConfigurationPlatforms) = postSolution
		{8F7478C7-0C91-49D8-A7F6-7FA6CF0F6CF9}.Debug|Any CPU.ActiveCfg = Debug|Any CPU
		{8F7478C7-0C91-49D8-A7F6-7FA6CF0F6CF9}.Debug|Any CPU.Build.0 = Debug|Any CPU
		{8F7478C7-0C91-49D8-A7F6-7FA6CF0F6CF9}.Release|Any CPU.ActiveCfg = Release|Any CPU
		{8F7478C7-0C91-49D8-A7F6-7FA6CF0F6CF9}.Release|Any CPU.Build.0 = Release|Any CPU
		{F591321D-E26B-4644-AFDC-68276BA3B820}.Debug|Any CPU.ActiveCfg = Debug|Any CPU
		{F591321D-E26B-4644-AFDC-68276BA3B820}.Debug|Any CPU.Build.0 = Debug|Any CPU
		{F591321D-E26B-4644-AFDC-68276BA3B820}.Release|Any CPU.ActiveCfg = Release|Any CPU
		{F591321D-E26B-4644-AFDC-68276BA3B820}.Release|Any CPU.Build.0 = Release|Any CPU
		{25EE3C7F-8DCE-4E23-8CA1-A3F40C1D6C42}.Debug|Any CPU.ActiveCfg = Debug|Any CPU
		{25EE3C7F-8DCE-4E23-8CA1-A3F40C1D6C42}.Debug|Any CPU.Build.0 = Debug|Any CPU
		{25EE3C7F-8DCE-4E23-8CA1-A3F40C1D6C42}.Release|Any CPU.ActiveCfg = Release|Any CPU
		{25EE3C7F-8DCE-4E23-8CA1-A3F40C1D6C42}.Release|Any CPU.Build.0 = Release|Any CPU
		{E1D35384-3ABC-4161-8042-405A4ADAE922}.Debug|Any CPU.ActiveCfg = Debug|Any CPU
		{E1D35384-3ABC-4161-8042-405A4ADAE922}.Debug|Any CPU.Build.0 = Debug|Any CPU
		{E1D35384-3ABC-4161-8042-405A4ADAE922}.Release|Any CPU.ActiveCfg = Release|Any CPU
		{E1D35384-3ABC-4161-8042-405A4ADAE922}.Release|Any CPU.Build.0 = Release|Any CPU
		{E1072AFA-5A10-4E48-9F33-BE1148D9E2E8}.Debug|Any CPU.ActiveCfg = Debug|Any CPU
		{E1072AFA-5A10-4E48-9F33-BE1148D9E2E8}.Debug|Any CPU.Build.0 = Debug|Any CPU
		{E1072AFA-5A10-4E48-9F33-BE1148D9E2E8}.Release|Any CPU.ActiveCfg = Release|Any CPU
		{E1072AFA-5A10-4E48-9F33-BE1148D9E2E8}.Release|Any CPU.Build.0 = Release|Any CPU
	EndGlobalSection
	GlobalSection(SolutionProperties) = preSolution
		HideSolutionNode = FALSE
	EndGlobalSection
	GlobalSection(NestedProjects) = preSolution
		{F591321D-E26B-4644-AFDC-68276BA3B820} = {060B286A-E98C-45BE-95B3-CD5F169AAFED}
		{E1072AFA-5A10-4E48-9F33-BE1148D9E2E8} = {060B286A-E98C-45BE-95B3-CD5F169AAFED}
	EndGlobalSection
	GlobalSection(ExtensibilityGlobals) = postSolution
		SolutionGuid = {5277AF5C-76AF-4482-AB7F-11F57E3D50D3}
	EndGlobalSection
EndGlobal
