
Microsoft Visual Studio Solution File, Format Version 12.00
# Visual Studio Version 16
VisualStudioVersion = 16.0.30907.101
MinimumVisualStudioVersion = 10.0.40219.1
Project("{FAE04EC0-301F-11D3-BF4B-00C04F79EFBC}") = "Budgets", "Budgets.csproj", "{8F7478C7-0C91-49D8-A7F6-7FA6CF0F6CF9}"
EndProject
Global
	GlobalSection(SolutionConfigurationPlatforms) = preSolution
		Debug|Any CPU = Debug|Any CPU
		Release|Any CPU = Release|Any CPU
	EndGlobalSection
	GlobalSection(ProjectConfigurationPlatforms) = postSolution
		{8F7478C7-0C91-49D8-A7F6-7FA6CF0F6CF9}.Debug|Any CPU.ActiveCfg = Debug|Any CPU
		{8F7478C7-0C91-49D8-A7F6-7FA6CF0F6CF9}.Debug|Any CPU.Build.0 = Debug|Any CPU
		{8F7478C7-0C91-49D8-A7F6-7FA6CF0F6CF9}.Release|Any CPU.ActiveCfg = Release|Any CPU
		{8F7478C7-0C91-49D8-A7F6-7FA6CF0F6CF9}.Release|Any CPU.Build.0 = Release|Any CPU
	EndGlobalSection
	GlobalSection(SolutionProperties) = preSolution
		HideSolutionNode = FALSE
	EndGlobalSection
	GlobalSection(ExtensibilityGlobals) = postSolution
		SolutionGuid = {5277AF5C-76AF-4482-AB7F-11F57E3D50D3}
	EndGlobalSection
EndGlobal
